<<<<<<< HEAD
﻿
Microsoft Visual Studio Solution File, Format Version 12.00
# Visual Studio 15
VisualStudioVersion = 15.0.27703.2035
MinimumVisualStudioVersion = 10.0.40219.1
Project("{FAE04EC0-301F-11D3-BF4B-00C04F79EFBC}") = "Controller", "Controller\Controller.csproj", "{0900BC66-3902-4E53-A8EB-DCD29C4BB7BA}"
EndProject
Global
	GlobalSection(SolutionConfigurationPlatforms) = preSolution
		Debug|Any CPU = Debug|Any CPU
		Debug|x64 = Debug|x64
		Release|Any CPU = Release|Any CPU
		Release|x64 = Release|x64
	EndGlobalSection
	GlobalSection(ProjectConfigurationPlatforms) = postSolution
		{0900BC66-3902-4E53-A8EB-DCD29C4BB7BA}.Debug|Any CPU.ActiveCfg = Debug|Any CPU
		{0900BC66-3902-4E53-A8EB-DCD29C4BB7BA}.Debug|Any CPU.Build.0 = Debug|Any CPU
		{0900BC66-3902-4E53-A8EB-DCD29C4BB7BA}.Debug|x64.ActiveCfg = Debug|x64
		{0900BC66-3902-4E53-A8EB-DCD29C4BB7BA}.Debug|x64.Build.0 = Debug|x64
		{0900BC66-3902-4E53-A8EB-DCD29C4BB7BA}.Release|Any CPU.ActiveCfg = Release|Any CPU
		{0900BC66-3902-4E53-A8EB-DCD29C4BB7BA}.Release|Any CPU.Build.0 = Release|Any CPU
		{0900BC66-3902-4E53-A8EB-DCD29C4BB7BA}.Release|x64.ActiveCfg = Release|x64
		{0900BC66-3902-4E53-A8EB-DCD29C4BB7BA}.Release|x64.Build.0 = Release|x64
	EndGlobalSection
	GlobalSection(SolutionProperties) = preSolution
		HideSolutionNode = FALSE
	EndGlobalSection
	GlobalSection(ExtensibilityGlobals) = postSolution
		SolutionGuid = {0E3CD976-E2A6-4345-AD5D-EB26ED6FA1D5}
	EndGlobalSection
EndGlobal
=======
﻿
Microsoft Visual Studio Solution File, Format Version 12.00
# Visual Studio 15
VisualStudioVersion = 15.0.27703.2035
MinimumVisualStudioVersion = 10.0.40219.1
Project("{FAE04EC0-301F-11D3-BF4B-00C04F79EFBC}") = "Controller", "Controller\Controller.csproj", "{0900BC66-3902-4E53-A8EB-DCD29C4BB7BA}"
EndProject
Global
	GlobalSection(SolutionConfigurationPlatforms) = preSolution
		Debug|Any CPU = Debug|Any CPU
		Debug|x64 = Debug|x64
		Release|Any CPU = Release|Any CPU
		Release|x64 = Release|x64
	EndGlobalSection
	GlobalSection(ProjectConfigurationPlatforms) = postSolution
		{0900BC66-3902-4E53-A8EB-DCD29C4BB7BA}.Debug|Any CPU.ActiveCfg = Debug|Any CPU
		{0900BC66-3902-4E53-A8EB-DCD29C4BB7BA}.Debug|Any CPU.Build.0 = Debug|Any CPU
		{0900BC66-3902-4E53-A8EB-DCD29C4BB7BA}.Debug|x64.ActiveCfg = Debug|x64
		{0900BC66-3902-4E53-A8EB-DCD29C4BB7BA}.Debug|x64.Build.0 = Debug|x64
		{0900BC66-3902-4E53-A8EB-DCD29C4BB7BA}.Release|Any CPU.ActiveCfg = Release|Any CPU
		{0900BC66-3902-4E53-A8EB-DCD29C4BB7BA}.Release|Any CPU.Build.0 = Release|Any CPU
		{0900BC66-3902-4E53-A8EB-DCD29C4BB7BA}.Release|x64.ActiveCfg = Release|x64
		{0900BC66-3902-4E53-A8EB-DCD29C4BB7BA}.Release|x64.Build.0 = Release|x64
	EndGlobalSection
	GlobalSection(SolutionProperties) = preSolution
		HideSolutionNode = FALSE
	EndGlobalSection
	GlobalSection(ExtensibilityGlobals) = postSolution
		SolutionGuid = {0E3CD976-E2A6-4345-AD5D-EB26ED6FA1D5}
	EndGlobalSection
EndGlobal
>>>>>>> 2dcaa460910257c363b5200d4cfbe6d24698a81c
